
Microsoft Visual Studio Solution File, Format Version 12.00
# Visual Studio Version 16
VisualStudioVersion = 16.0.30002.166
MinimumVisualStudioVersion = 10.0.40219.1
Project("{8BC9CEB8-8B4A-11D0-8D11-00A0C91BC942}") = "Compiler", "Compiler\Compiler.vcxproj", "{28ADA84C-E6EE-4349-9BF0-F19CB9732205}"
EndProject
Global
	GlobalSection(SolutionConfigurationPlatforms) = preSolution
		Debug|x64 = Debug|x64
		Debug|x86 = Debug|x86
		Release|x64 = Release|x64
		Release|x86 = Release|x86
	EndGlobalSection
	GlobalSection(ProjectConfigurationPlatforms) = postSolution
		{28ADA84C-E6EE-4349-9BF0-F19CB9732205}.Debug|x64.ActiveCfg = Debug|x64
		{28ADA84C-E6EE-4349-9BF0-F19CB9732205}.Debug|x64.Build.0 = Debug|x64
		{28ADA84C-E6EE-4349-9BF0-F19CB9732205}.Debug|x86.ActiveCfg = Debug|Win32
		{28ADA84C-E6EE-4349-9BF0-F19CB9732205}.Debug|x86.Build.0 = Debug|Win32
		{28ADA84C-E6EE-4349-9BF0-F19CB9732205}.Release|x64.ActiveCfg = Release|x64
		{28ADA84C-E6EE-4349-9BF0-F19CB9732205}.Release|x64.Build.0 = Release|x64
		{28ADA84C-E6EE-4349-9BF0-F19CB9732205}.Release|x86.ActiveCfg = Release|Win32
		{28ADA84C-E6EE-4349-9BF0-F19CB9732205}.Release|x86.Build.0 = Release|Win32
	EndGlobalSection
	GlobalSection(SolutionProperties) = preSolution
		HideSolutionNode = FALSE
	EndGlobalSection
	GlobalSection(ExtensibilityGlobals) = postSolution
		SolutionGuid = {C79523C0-B228-475E-9A18-00BD836329D5}
	EndGlobalSection
EndGlobal
